{"1.2.0",
[{<<"minato">>,{pkg,<<"minato">>,<<"0.18.10">>},0},
 {<<"seki">>,{pkg,<<"seki">>,<<"0.4.3">>},0},
 {<<"telemetry">>,{pkg,<<"telemetry">>,<<"1.4.2">>},0}]}.
[
{pkg_hash,[
 {<<"minato">>, <<"625F2571CE4AA3CC7FF3B03B71224747C30612B5570C682F449C70B019A082C0">>},
 {<<"seki">>, <<"3A9209AD6154DA08084E8409C8F97586C79855450A748D989EDF23483B90B8B8">>},
 {<<"telemetry">>, <<"A0CB522801DFFB1C49FE6E30561BADFFC7B6D0E180DB1300DF759FAA22062855">>}]},
{pkg_hash_ext,[
 {<<"minato">>, <<"A95B99BCB532CDD16A3A5D467F3C80984EB9DA9D72E27254DD8E3A1F5955D5F3">>},
 {<<"seki">>, <<"5493BAC387329DE722AC5BCB967364CACECC104AE3E6ED143863453263DC6DB4">>},
 {<<"telemetry">>, <<"928F6495066506077862C0D1646609EED891A4326BEE3126BA54B60AF61FEBB1">>}]}
].
