{"1.2.0",
[{<<"minato">>,{pkg,<<"minato">>,<<"0.18.8">>},0},
 {<<"seki">>,{pkg,<<"seki">>,<<"0.4.3">>},0},
 {<<"telemetry">>,{pkg,<<"telemetry">>,<<"1.4.2">>},0}]}.
[
{pkg_hash,[
 {<<"minato">>, <<"C4834CF9E7C13DAC7FEDCBFF34D59055248E9286D7F76DDD2F6BBEAF06103A3D">>},
 {<<"seki">>, <<"3A9209AD6154DA08084E8409C8F97586C79855450A748D989EDF23483B90B8B8">>},
 {<<"telemetry">>, <<"A0CB522801DFFB1C49FE6E30561BADFFC7B6D0E180DB1300DF759FAA22062855">>}]},
{pkg_hash_ext,[
 {<<"minato">>, <<"BD6D61163CC49A1F942BE78D92177815158F7FE7124B2EB8B21F2505E732DFC9">>},
 {<<"seki">>, <<"5493BAC387329DE722AC5BCB967364CACECC104AE3E6ED143863453263DC6DB4">>},
 {<<"telemetry">>, <<"928F6495066506077862C0D1646609EED891A4326BEE3126BA54B60AF61FEBB1">>}]}
].
